// !$*UTF8*$!
{
	archiveVersion = 1;
	classes = {
	};
	objectVersion = 50;
	objects = {

/* Begin PBXBuildFile section */
		5F8249B3243BFCF7006A64DB /* AppDelegate.swift in Sources */ = {isa = PBXBuildFile; fileRef = 5F8249B2243BFCF7006A64DB /* AppDelegate.swift */; };
		5F8249B7243BFCF7006A64DB /* ItunesListViewController.swift in Sources */ = {isa = PBXBuildFile; fileRef = 5F8249B6243BFCF7006A64DB /* ItunesListViewController.swift */; };
		5F8249BC243BFCF9006A64DB /* Assets.xcassets in Resources */ = {isa = PBXBuildFile; fileRef = 5F8249BB243BFCF9006A64DB /* Assets.xcassets */; };
		5F8249BF243BFCF9006A64DB /* LaunchScreen.storyboard in Resources */ = {isa = PBXBuildFile; fileRef = 5F8249BD243BFCF9006A64DB /* LaunchScreen.storyboard */; };
		5F8249CA243BFCF9006A64DB /* ItunesSearchTests.swift in Sources */ = {isa = PBXBuildFile; fileRef = 5F8249C9243BFCF9006A64DB /* ItunesSearchTests.swift */; };
		5F8249D5243BFCF9006A64DB /* ItunesSearchUITests.swift in Sources */ = {isa = PBXBuildFile; fileRef = 5F8249D4243BFCF9006A64DB /* ItunesSearchUITests.swift */; };
		5F8249E8243BFF3D006A64DB /* AppCoordinator.swift in Sources */ = {isa = PBXBuildFile; fileRef = 5F8249E7243BFF3D006A64DB /* AppCoordinator.swift */; };
		5F8249EA243BFF65006A64DB /* ItunesListCoordinator.swift in Sources */ = {isa = PBXBuildFile; fileRef = 5F8249E9243BFF65006A64DB /* ItunesListCoordinator.swift */; };
		5F8249EC243BFF77006A64DB /* ItunesViewModel.swift in Sources */ = {isa = PBXBuildFile; fileRef = 5F8249EB243BFF77006A64DB /* ItunesViewModel.swift */; };
		5F8249EE243BFF9D006A64DB /* ItunesListView.swift in Sources */ = {isa = PBXBuildFile; fileRef = 5F8249ED243BFF9D006A64DB /* ItunesListView.swift */; };
		5F8249F1243C04BA006A64DB /* Coordinator.swift in Sources */ = {isa = PBXBuildFile; fileRef = 5F8249F0243C04BA006A64DB /* Coordinator.swift */; };
		5F8249F5243C085E006A64DB /* APIConfiguration.swift in Sources */ = {isa = PBXBuildFile; fileRef = 5F8249F4243C085E006A64DB /* APIConfiguration.swift */; };
		5F8249F7243C08D5006A64DB /* APIRouter.swift in Sources */ = {isa = PBXBuildFile; fileRef = 5F8249F6243C08D5006A64DB /* APIRouter.swift */; };
		5F8249F9243C08FD006A64DB /* ItunesListEndPoint.swift in Sources */ = {isa = PBXBuildFile; fileRef = 5F8249F8243C08FD006A64DB /* ItunesListEndPoint.swift */; };
		A7298F5C243CD8FA00F4070A /* URLSession+Utility.swift in Sources */ = {isa = PBXBuildFile; fileRef = A7298F5B243CD8FA00F4070A /* URLSession+Utility.swift */; };
		A7298F5E243CE98E00F4070A /* ItunesListRouter.swift in Sources */ = {isa = PBXBuildFile; fileRef = A7298F5D243CE98E00F4070A /* ItunesListRouter.swift */; };
		A7298F61243CECB600F4070A /* ItunesSearchResponse.swift in Sources */ = {isa = PBXBuildFile; fileRef = A7298F60243CECB600F4070A /* ItunesSearchResponse.swift */; };
		A7298F63243D4B5300F4070A /* ItunesCell.swift in Sources */ = {isa = PBXBuildFile; fileRef = A7298F62243D4B5300F4070A /* ItunesCell.swift */; };
		A7298F65243D55E600F4070A /* UITableView+Utility.swift in Sources */ = {isa = PBXBuildFile; fileRef = A7298F64243D55E600F4070A /* UITableView+Utility.swift */; };
		A7298F67243D561300F4070A /* ReusableView.swift in Sources */ = {isa = PBXBuildFile; fileRef = A7298F66243D561300F4070A /* ReusableView.swift */; };
		A7298F69243DF3DB00F4070A /* UIView+Utilities.swift in Sources */ = {isa = PBXBuildFile; fileRef = A7298F68243DF3DB00F4070A /* UIView+Utilities.swift */; };
		A7298F6E243E387F00F4070A /* UIViewController+Utility.swift in Sources */ = {isa = PBXBuildFile; fileRef = A7298F6D243E387F00F4070A /* UIViewController+Utility.swift */; };
		A7298F71243E3CB100F4070A /* ItunesService.swift in Sources */ = {isa = PBXBuildFile; fileRef = A7298F70243E3CB100F4070A /* ItunesService.swift */; };
		A7298F73243E9FC300F4070A /* UIImage+Utilities.swift in Sources */ = {isa = PBXBuildFile; fileRef = A7298F72243E9FC300F4070A /* UIImage+Utilities.swift */; };
		A7298F75243EA19800F4070A /* ImageCacheType.swift in Sources */ = {isa = PBXBuildFile; fileRef = A7298F74243EA19800F4070A /* ImageCacheType.swift */; };
		A7298F78243EA24B00F4070A /* ImageCache.swift in Sources */ = {isa = PBXBuildFile; fileRef = A7298F77243EA24B00F4070A /* ImageCache.swift */; };
		A79BE070243F661800BECFDC /* SceneDelegate.swift in Sources */ = {isa = PBXBuildFile; fileRef = A79BE06F243F661800BECFDC /* SceneDelegate.swift */; };
		A79BE072243F88D500BECFDC /* ItunesListDetailViewController.swift in Sources */ = {isa = PBXBuildFile; fileRef = A79BE071243F88D500BECFDC /* ItunesListDetailViewController.swift */; };
		A79BE074243F89F200BECFDC /* ItuneDetailView.swift in Sources */ = {isa = PBXBuildFile; fileRef = A79BE073243F89F200BECFDC /* ItuneDetailView.swift */; };
		A79BE076243F903300BECFDC /* ItunesDetailCoordinator.swift in Sources */ = {isa = PBXBuildFile; fileRef = A79BE075243F903300BECFDC /* ItunesDetailCoordinator.swift */; };
		A79BE07C2440E97A00BECFDC /* jack johnson.json in Resources */ = {isa = PBXBuildFile; fileRef = A79BE07B2440E97A00BECFDC /* jack johnson.json */; };
		A79BE07F2441347000BECFDC /* AppCoordinatorTests.swift in Sources */ = {isa = PBXBuildFile; fileRef = A79BE07E2441347000BECFDC /* AppCoordinatorTests.swift */; };
		A79BE0812441376900BECFDC /* ItunesListCoordinatorTests.swift in Sources */ = {isa = PBXBuildFile; fileRef = A79BE0802441376900BECFDC /* ItunesListCoordinatorTests.swift */; };
		A79BE084244141ED00BECFDC /* JsonKit.swift in Sources */ = {isa = PBXBuildFile; fileRef = A79BE083244141ED00BECFDC /* JsonKit.swift */; };
		A79BE08624417A2300BECFDC /* XCTestCase+UIHelpers.swift in Sources */ = {isa = PBXBuildFile; fileRef = A79BE08524417A2300BECFDC /* XCTestCase+UIHelpers.swift */; };
		A79BE08A244201D600BECFDC /* itunesResultsForJ.json in Resources */ = {isa = PBXBuildFile; fileRef = A79BE089244201D600BECFDC /* itunesResultsForJ.json */; };
/* End PBXBuildFile section */

/* Begin PBXContainerItemProxy section */
		5F8249C6243BFCF9006A64DB /* PBXContainerItemProxy */ = {
			isa = PBXContainerItemProxy;
			containerPortal = 5F8249A7243BFCF7006A64DB /* Project object */;
			proxyType = 1;
			remoteGlobalIDString = 5F8249AE243BFCF7006A64DB;
			remoteInfo = ItunesSearch;
		};
		5F8249D1243BFCF9006A64DB /* PBXContainerItemProxy */ = {
			isa = PBXContainerItemProxy;
			containerPortal = 5F8249A7243BFCF7006A64DB /* Project object */;
			proxyType = 1;
			remoteGlobalIDString = 5F8249AE243BFCF7006A64DB;
			remoteInfo = ItunesSearch;
		};
/* End PBXContainerItemProxy section */

/* Begin PBXFileReference section */
		5F8249AF243BFCF7006A64DB /* ItunesSearch.app */ = {isa = PBXFileReference; explicitFileType = wrapper.application; includeInIndex = 0; path = ItunesSearch.app; sourceTree = BUILT_PRODUCTS_DIR; };
		5F8249B2243BFCF7006A64DB /* AppDelegate.swift */ = {isa = PBXFileReference; lastKnownFileType = sourcecode.swift; path = AppDelegate.swift; sourceTree = "<group>"; };
		5F8249B6243BFCF7006A64DB /* ItunesListViewController.swift */ = {isa = PBXFileReference; lastKnownFileType = sourcecode.swift; path = ItunesListViewController.swift; sourceTree = "<group>"; };
		5F8249BB243BFCF9006A64DB /* Assets.xcassets */ = {isa = PBXFileReference; lastKnownFileType = folder.assetcatalog; path = Assets.xcassets; sourceTree = "<group>"; };
		5F8249BE243BFCF9006A64DB /* Base */ = {isa = PBXFileReference; lastKnownFileType = file.storyboard; name = Base; path = Base.lproj/LaunchScreen.storyboard; sourceTree = "<group>"; };
		5F8249C0243BFCF9006A64DB /* Info.plist */ = {isa = PBXFileReference; lastKnownFileType = text.plist.xml; path = Info.plist; sourceTree = "<group>"; };
		5F8249C5243BFCF9006A64DB /* ItunesSearchTests.xctest */ = {isa = PBXFileReference; explicitFileType = wrapper.cfbundle; includeInIndex = 0; path = ItunesSearchTests.xctest; sourceTree = BUILT_PRODUCTS_DIR; };
		5F8249C9243BFCF9006A64DB /* ItunesSearchTests.swift */ = {isa = PBXFileReference; lastKnownFileType = sourcecode.swift; path = ItunesSearchTests.swift; sourceTree = "<group>"; };
		5F8249CB243BFCF9006A64DB /* Info.plist */ = {isa = PBXFileReference; lastKnownFileType = text.plist.xml; path = Info.plist; sourceTree = "<group>"; };
		5F8249D0243BFCF9006A64DB /* ItunesSearchUITests.xctest */ = {isa = PBXFileReference; explicitFileType = wrapper.cfbundle; includeInIndex = 0; path = ItunesSearchUITests.xctest; sourceTree = BUILT_PRODUCTS_DIR; };
		5F8249D4243BFCF9006A64DB /* ItunesSearchUITests.swift */ = {isa = PBXFileReference; lastKnownFileType = sourcecode.swift; path = ItunesSearchUITests.swift; sourceTree = "<group>"; };
		5F8249D6243BFCF9006A64DB /* Info.plist */ = {isa = PBXFileReference; lastKnownFileType = text.plist.xml; path = Info.plist; sourceTree = "<group>"; };
		5F8249E7243BFF3D006A64DB /* AppCoordinator.swift */ = {isa = PBXFileReference; lastKnownFileType = sourcecode.swift; path = AppCoordinator.swift; sourceTree = "<group>"; };
		5F8249E9243BFF65006A64DB /* ItunesListCoordinator.swift */ = {isa = PBXFileReference; lastKnownFileType = sourcecode.swift; path = ItunesListCoordinator.swift; sourceTree = "<group>"; };
		5F8249EB243BFF77006A64DB /* ItunesViewModel.swift */ = {isa = PBXFileReference; lastKnownFileType = sourcecode.swift; path = ItunesViewModel.swift; sourceTree = "<group>"; };
		5F8249ED243BFF9D006A64DB /* ItunesListView.swift */ = {isa = PBXFileReference; lastKnownFileType = sourcecode.swift; path = ItunesListView.swift; sourceTree = "<group>"; };
		5F8249F0243C04BA006A64DB /* Coordinator.swift */ = {isa = PBXFileReference; lastKnownFileType = sourcecode.swift; path = Coordinator.swift; sourceTree = "<group>"; };
		5F8249F4243C085E006A64DB /* APIConfiguration.swift */ = {isa = PBXFileReference; lastKnownFileType = sourcecode.swift; path = APIConfiguration.swift; sourceTree = "<group>"; };
		5F8249F6243C08D5006A64DB /* APIRouter.swift */ = {isa = PBXFileReference; lastKnownFileType = sourcecode.swift; path = APIRouter.swift; sourceTree = "<group>"; };
		5F8249F8243C08FD006A64DB /* ItunesListEndPoint.swift */ = {isa = PBXFileReference; lastKnownFileType = sourcecode.swift; path = ItunesListEndPoint.swift; sourceTree = "<group>"; };
		A7298F5B243CD8FA00F4070A /* URLSession+Utility.swift */ = {isa = PBXFileReference; lastKnownFileType = sourcecode.swift; path = "URLSession+Utility.swift"; sourceTree = "<group>"; };
		A7298F5D243CE98E00F4070A /* ItunesListRouter.swift */ = {isa = PBXFileReference; lastKnownFileType = sourcecode.swift; path = ItunesListRouter.swift; sourceTree = "<group>"; };
		A7298F60243CECB600F4070A /* ItunesSearchResponse.swift */ = {isa = PBXFileReference; lastKnownFileType = sourcecode.swift; path = ItunesSearchResponse.swift; sourceTree = "<group>"; };
		A7298F62243D4B5300F4070A /* ItunesCell.swift */ = {isa = PBXFileReference; lastKnownFileType = sourcecode.swift; path = ItunesCell.swift; sourceTree = "<group>"; };
		A7298F64243D55E600F4070A /* UITableView+Utility.swift */ = {isa = PBXFileReference; lastKnownFileType = sourcecode.swift; path = "UITableView+Utility.swift"; sourceTree = "<group>"; };
		A7298F66243D561300F4070A /* ReusableView.swift */ = {isa = PBXFileReference; lastKnownFileType = sourcecode.swift; path = ReusableView.swift; sourceTree = "<group>"; };
		A7298F68243DF3DB00F4070A /* UIView+Utilities.swift */ = {isa = PBXFileReference; lastKnownFileType = sourcecode.swift; path = "UIView+Utilities.swift"; sourceTree = "<group>"; };
		A7298F6D243E387F00F4070A /* UIViewController+Utility.swift */ = {isa = PBXFileReference; lastKnownFileType = sourcecode.swift; path = "UIViewController+Utility.swift"; sourceTree = "<group>"; };
		A7298F70243E3CB100F4070A /* ItunesService.swift */ = {isa = PBXFileReference; lastKnownFileType = sourcecode.swift; path = ItunesService.swift; sourceTree = "<group>"; };
		A7298F72243E9FC300F4070A /* UIImage+Utilities.swift */ = {isa = PBXFileReference; lastKnownFileType = sourcecode.swift; path = "UIImage+Utilities.swift"; sourceTree = "<group>"; };
		A7298F74243EA19800F4070A /* ImageCacheType.swift */ = {isa = PBXFileReference; lastKnownFileType = sourcecode.swift; path = ImageCacheType.swift; sourceTree = "<group>"; };
		A7298F77243EA24B00F4070A /* ImageCache.swift */ = {isa = PBXFileReference; lastKnownFileType = sourcecode.swift; path = ImageCache.swift; sourceTree = "<group>"; };
		A79BE06F243F661800BECFDC /* SceneDelegate.swift */ = {isa = PBXFileReference; fileEncoding = 4; lastKnownFileType = sourcecode.swift; path = SceneDelegate.swift; sourceTree = "<group>"; };
		A79BE071243F88D500BECFDC /* ItunesListDetailViewController.swift */ = {isa = PBXFileReference; lastKnownFileType = sourcecode.swift; path = ItunesListDetailViewController.swift; sourceTree = "<group>"; };
		A79BE073243F89F200BECFDC /* ItuneDetailView.swift */ = {isa = PBXFileReference; lastKnownFileType = sourcecode.swift; path = ItuneDetailView.swift; sourceTree = "<group>"; };
		A79BE075243F903300BECFDC /* ItunesDetailCoordinator.swift */ = {isa = PBXFileReference; lastKnownFileType = sourcecode.swift; path = ItunesDetailCoordinator.swift; sourceTree = "<group>"; };
		A79BE07B2440E97A00BECFDC /* jack johnson.json */ = {isa = PBXFileReference; fileEncoding = 4; lastKnownFileType = text.json; path = "jack johnson.json"; sourceTree = "<group>"; };
		A79BE07E2441347000BECFDC /* AppCoordinatorTests.swift */ = {isa = PBXFileReference; lastKnownFileType = sourcecode.swift; path = AppCoordinatorTests.swift; sourceTree = "<group>"; };
		A79BE0802441376900BECFDC /* ItunesListCoordinatorTests.swift */ = {isa = PBXFileReference; lastKnownFileType = sourcecode.swift; path = ItunesListCoordinatorTests.swift; sourceTree = "<group>"; };
		A79BE083244141ED00BECFDC /* JsonKit.swift */ = {isa = PBXFileReference; lastKnownFileType = sourcecode.swift; path = JsonKit.swift; sourceTree = "<group>"; };
		A79BE08524417A2300BECFDC /* XCTestCase+UIHelpers.swift */ = {isa = PBXFileReference; lastKnownFileType = sourcecode.swift; path = "XCTestCase+UIHelpers.swift"; sourceTree = "<group>"; };
		A79BE089244201D600BECFDC /* itunesResultsForJ.json */ = {isa = PBXFileReference; fileEncoding = 4; lastKnownFileType = text.json; path = itunesResultsForJ.json; sourceTree = "<group>"; };
/* End PBXFileReference section */

/* Begin PBXFrameworksBuildPhase section */
		5F8249AC243BFCF7006A64DB /* Frameworks */ = {
			isa = PBXFrameworksBuildPhase;
			buildActionMask = 2147483647;
			files = (
			);
			runOnlyForDeploymentPostprocessing = 0;
		};
		5F8249C2243BFCF9006A64DB /* Frameworks */ = {
			isa = PBXFrameworksBuildPhase;
			buildActionMask = 2147483647;
			files = (
			);
			runOnlyForDeploymentPostprocessing = 0;
		};
		5F8249CD243BFCF9006A64DB /* Frameworks */ = {
			isa = PBXFrameworksBuildPhase;
			buildActionMask = 2147483647;
			files = (
			);
			runOnlyForDeploymentPostprocessing = 0;
		};
/* End PBXFrameworksBuildPhase section */

/* Begin PBXGroup section */
		5F8249A6243BFCF7006A64DB = {
			isa = PBXGroup;
			children = (
				5F8249B1243BFCF7006A64DB /* ItunesSearch */,
				5F8249C8243BFCF9006A64DB /* ItunesSearchTests */,
				5F8249D3243BFCF9006A64DB /* ItunesSearchUITests */,
				5F8249B0243BFCF7006A64DB /* Products */,
			);
			sourceTree = "<group>";
		};
		5F8249B0243BFCF7006A64DB /* Products */ = {
			isa = PBXGroup;
			children = (
				5F8249AF243BFCF7006A64DB /* ItunesSearch.app */,
				5F8249C5243BFCF9006A64DB /* ItunesSearchTests.xctest */,
				5F8249D0243BFCF9006A64DB /* ItunesSearchUITests.xctest */,
			);
			name = Products;
			sourceTree = "<group>";
		};
		5F8249B1243BFCF7006A64DB /* ItunesSearch */ = {
			isa = PBXGroup;
			children = (
				A7298F76243EA22B00F4070A /* Uitility */,
				5F8249B2243BFCF7006A64DB /* AppDelegate.swift */,
				A79BE06F243F661800BECFDC /* SceneDelegate.swift */,
				A7298F5F243CEC7200F4070A /* Data Model */,
				A7298F5A243CD8D300F4070A /* Extensions */,
				5F8249EF243C0428006A64DB /* Protocols */,
				5F8249E6243BFF20006A64DB /* Coordinators */,
				5F8249E5243BFF19006A64DB /* ViewModel */,
				5F8249E4243BFF0F006A64DB /* Network */,
				5F8249E3243BFF03006A64DB /* Views */,
				5F8249E2243BFEEE006A64DB /* ViewControllers */,
				5F8249BB243BFCF9006A64DB /* Assets.xcassets */,
				A79BE089244201D600BECFDC /* itunesResultsForJ.json */,
				A79BE07B2440E97A00BECFDC /* jack johnson.json */,
				5F8249BD243BFCF9006A64DB /* LaunchScreen.storyboard */,
				5F8249C0243BFCF9006A64DB /* Info.plist */,
			);
			path = ItunesSearch;
			sourceTree = "<group>";
		};
		5F8249C8243BFCF9006A64DB /* ItunesSearchTests */ = {
			isa = PBXGroup;
			children = (
				A79BE0822441392F00BECFDC /* TestingTools */,
				A79BE07D244133BC00BECFDC /* Coordinators */,
				5F8249C9243BFCF9006A64DB /* ItunesSearchTests.swift */,
				5F8249CB243BFCF9006A64DB /* Info.plist */,
			);
			path = ItunesSearchTests;
			sourceTree = "<group>";
		};
		5F8249D3243BFCF9006A64DB /* ItunesSearchUITests */ = {
			isa = PBXGroup;
			children = (
				5F8249D4243BFCF9006A64DB /* ItunesSearchUITests.swift */,
				5F8249D6243BFCF9006A64DB /* Info.plist */,
			);
			path = ItunesSearchUITests;
			sourceTree = "<group>";
		};
		5F8249E2243BFEEE006A64DB /* ViewControllers */ = {
			isa = PBXGroup;
			children = (
				5F8249B6243BFCF7006A64DB /* ItunesListViewController.swift */,
				A79BE071243F88D500BECFDC /* ItunesListDetailViewController.swift */,
			);
			path = ViewControllers;
			sourceTree = "<group>";
		};
		5F8249E3243BFF03006A64DB /* Views */ = {
			isa = PBXGroup;
			children = (
				5F8249ED243BFF9D006A64DB /* ItunesListView.swift */,
				A7298F62243D4B5300F4070A /* ItunesCell.swift */,
				A79BE073243F89F200BECFDC /* ItuneDetailView.swift */,
			);
			path = Views;
			sourceTree = "<group>";
		};
		5F8249E4243BFF0F006A64DB /* Network */ = {
			isa = PBXGroup;
			children = (
				A7298F6F243E3BD200F4070A /* Services */,
				5F8249F3243C081E006A64DB /* EndPoints */,
				5F8249F2243C0810006A64DB /* Routers */,
			);
			path = Network;
			sourceTree = "<group>";
		};
		5F8249E5243BFF19006A64DB /* ViewModel */ = {
			isa = PBXGroup;
			children = (
				5F8249EB243BFF77006A64DB /* ItunesViewModel.swift */,
			);
			path = ViewModel;
			sourceTree = "<group>";
		};
		5F8249E6243BFF20006A64DB /* Coordinators */ = {
			isa = PBXGroup;
			children = (
				5F8249E7243BFF3D006A64DB /* AppCoordinator.swift */,
				5F8249E9243BFF65006A64DB /* ItunesListCoordinator.swift */,
				A79BE075243F903300BECFDC /* ItunesDetailCoordinator.swift */,
			);
			path = Coordinators;
			sourceTree = "<group>";
		};
		5F8249EF243C0428006A64DB /* Protocols */ = {
			isa = PBXGroup;
			children = (
				5F8249F0243C04BA006A64DB /* Coordinator.swift */,
				5F8249F4243C085E006A64DB /* APIConfiguration.swift */,
				A7298F66243D561300F4070A /* ReusableView.swift */,
				A7298F74243EA19800F4070A /* ImageCacheType.swift */,
			);
			path = Protocols;
			sourceTree = "<group>";
		};
		5F8249F2243C0810006A64DB /* Routers */ = {
			isa = PBXGroup;
			children = (
				5F8249F6243C08D5006A64DB /* APIRouter.swift */,
				A7298F5D243CE98E00F4070A /* ItunesListRouter.swift */,
			);
			path = Routers;
			sourceTree = "<group>";
		};
		5F8249F3243C081E006A64DB /* EndPoints */ = {
			isa = PBXGroup;
			children = (
				5F8249F8243C08FD006A64DB /* ItunesListEndPoint.swift */,
			);
			path = EndPoints;
			sourceTree = "<group>";
		};
		A7298F5A243CD8D300F4070A /* Extensions */ = {
			isa = PBXGroup;
			children = (
				A7298F5B243CD8FA00F4070A /* URLSession+Utility.swift */,
				A7298F64243D55E600F4070A /* UITableView+Utility.swift */,
				A7298F68243DF3DB00F4070A /* UIView+Utilities.swift */,
				A7298F6D243E387F00F4070A /* UIViewController+Utility.swift */,
				A7298F72243E9FC300F4070A /* UIImage+Utilities.swift */,
			);
			path = Extensions;
			sourceTree = "<group>";
		};
		A7298F5F243CEC7200F4070A /* Data Model */ = {
			isa = PBXGroup;
			children = (
				A7298F60243CECB600F4070A /* ItunesSearchResponse.swift */,
			);
			path = "Data Model";
			sourceTree = "<group>";
		};
		A7298F6F243E3BD200F4070A /* Services */ = {
			isa = PBXGroup;
			children = (
				A7298F70243E3CB100F4070A /* ItunesService.swift */,
			);
			path = Services;
			sourceTree = "<group>";
		};
		A7298F76243EA22B00F4070A /* Uitility */ = {
			isa = PBXGroup;
			children = (
				A7298F77243EA24B00F4070A /* ImageCache.swift */,
			);
			path = Uitility;
			sourceTree = "<group>";
		};
		A79BE07D244133BC00BECFDC /* Coordinators */ = {
			isa = PBXGroup;
			children = (
				A79BE07E2441347000BECFDC /* AppCoordinatorTests.swift */,
				A79BE0802441376900BECFDC /* ItunesListCoordinatorTests.swift */,
			);
			path = Coordinators;
			sourceTree = "<group>";
		};
		A79BE0822441392F00BECFDC /* TestingTools */ = {
			isa = PBXGroup;
			children = (
				A79BE083244141ED00BECFDC /* JsonKit.swift */,
				A79BE08524417A2300BECFDC /* XCTestCase+UIHelpers.swift */,
			);
			path = TestingTools;
			sourceTree = "<group>";
		};
/* End PBXGroup section */

/* Begin PBXNativeTarget section */
		5F8249AE243BFCF7006A64DB /* ItunesSearch */ = {
			isa = PBXNativeTarget;
			buildConfigurationList = 5F8249D9243BFCF9006A64DB /* Build configuration list for PBXNativeTarget "ItunesSearch" */;
			buildPhases = (
				5F8249AB243BFCF7006A64DB /* Sources */,
				5F8249AC243BFCF7006A64DB /* Frameworks */,
				5F8249AD243BFCF7006A64DB /* Resources */,
			);
			buildRules = (
			);
			dependencies = (
			);
			name = ItunesSearch;
			productName = ItunesSearch;
			productReference = 5F8249AF243BFCF7006A64DB /* ItunesSearch.app */;
			productType = "com.apple.product-type.application";
		};
		5F8249C4243BFCF9006A64DB /* ItunesSearchTests */ = {
			isa = PBXNativeTarget;
			buildConfigurationList = 5F8249DC243BFCF9006A64DB /* Build configuration list for PBXNativeTarget "ItunesSearchTests" */;
			buildPhases = (
				5F8249C1243BFCF9006A64DB /* Sources */,
				5F8249C2243BFCF9006A64DB /* Frameworks */,
				5F8249C3243BFCF9006A64DB /* Resources */,
			);
			buildRules = (
			);
			dependencies = (
				5F8249C7243BFCF9006A64DB /* PBXTargetDependency */,
			);
			name = ItunesSearchTests;
			productName = ItunesSearchTests;
			productReference = 5F8249C5243BFCF9006A64DB /* ItunesSearchTests.xctest */;
			productType = "com.apple.product-type.bundle.unit-test";
		};
		5F8249CF243BFCF9006A64DB /* ItunesSearchUITests */ = {
			isa = PBXNativeTarget;
			buildConfigurationList = 5F8249DF243BFCF9006A64DB /* Build configuration list for PBXNativeTarget "ItunesSearchUITests" */;
			buildPhases = (
				5F8249CC243BFCF9006A64DB /* Sources */,
				5F8249CD243BFCF9006A64DB /* Frameworks */,
				5F8249CE243BFCF9006A64DB /* Resources */,
			);
			buildRules = (
			);
			dependencies = (
				5F8249D2243BFCF9006A64DB /* PBXTargetDependency */,
			);
			name = ItunesSearchUITests;
			productName = ItunesSearchUITests;
			productReference = 5F8249D0243BFCF9006A64DB /* ItunesSearchUITests.xctest */;
			productType = "com.apple.product-type.bundle.ui-testing";
		};
/* End PBXNativeTarget section */

/* Begin PBXProject section */
		5F8249A7243BFCF7006A64DB /* Project object */ = {
			isa = PBXProject;
			attributes = {
				LastSwiftUpdateCheck = 1130;
				LastUpgradeCheck = 1130;
				ORGANIZATIONNAME = "Renu Punjabi";
				TargetAttributes = {
					5F8249AE243BFCF7006A64DB = {
						CreatedOnToolsVersion = 11.3.1;
					};
					5F8249C4243BFCF9006A64DB = {
						CreatedOnToolsVersion = 11.3.1;
						TestTargetID = 5F8249AE243BFCF7006A64DB;
					};
					5F8249CF243BFCF9006A64DB = {
						CreatedOnToolsVersion = 11.3.1;
						TestTargetID = 5F8249AE243BFCF7006A64DB;
					};
				};
			};
			buildConfigurationList = 5F8249AA243BFCF7006A64DB /* Build configuration list for PBXProject "ItunesSearch" */;
			compatibilityVersion = "Xcode 9.3";
			developmentRegion = en;
			hasScannedForEncodings = 0;
			knownRegions = (
				en,
				Base,
			);
			mainGroup = 5F8249A6243BFCF7006A64DB;
			productRefGroup = 5F8249B0243BFCF7006A64DB /* Products */;
			projectDirPath = "";
			projectRoot = "";
			targets = (
				5F8249AE243BFCF7006A64DB /* ItunesSearch */,
				5F8249C4243BFCF9006A64DB /* ItunesSearchTests */,
				5F8249CF243BFCF9006A64DB /* ItunesSearchUITests */,
			);
		};
/* End PBXProject section */

/* Begin PBXResourcesBuildPhase section */
		5F8249AD243BFCF7006A64DB /* Resources */ = {
			isa = PBXResourcesBuildPhase;
			buildActionMask = 2147483647;
			files = (
				5F8249BF243BFCF9006A64DB /* LaunchScreen.storyboard in Resources */,
				A79BE08A244201D600BECFDC /* itunesResultsForJ.json in Resources */,
				5F8249BC243BFCF9006A64DB /* Assets.xcassets in Resources */,
				A79BE07C2440E97A00BECFDC /* jack johnson.json in Resources */,
			);
			runOnlyForDeploymentPostprocessing = 0;
		};
		5F8249C3243BFCF9006A64DB /* Resources */ = {
			isa = PBXResourcesBuildPhase;
			buildActionMask = 2147483647;
			files = (
			);
			runOnlyForDeploymentPostprocessing = 0;
		};
		5F8249CE243BFCF9006A64DB /* Resources */ = {
			isa = PBXResourcesBuildPhase;
			buildActionMask = 2147483647;
			files = (
			);
			runOnlyForDeploymentPostprocessing = 0;
		};
/* End PBXResourcesBuildPhase section */

/* Begin PBXSourcesBuildPhase section */
		5F8249AB243BFCF7006A64DB /* Sources */ = {
			isa = PBXSourcesBuildPhase;
			buildActionMask = 2147483647;
			files = (
				A7298F73243E9FC300F4070A /* UIImage+Utilities.swift in Sources */,
				A7298F71243E3CB100F4070A /* ItunesService.swift in Sources */,
				A7298F63243D4B5300F4070A /* ItunesCell.swift in Sources */,
				A7298F75243EA19800F4070A /* ImageCacheType.swift in Sources */,
				A7298F67243D561300F4070A /* ReusableView.swift in Sources */,
				5F8249F1243C04BA006A64DB /* Coordinator.swift in Sources */,
				A7298F5C243CD8FA00F4070A /* URLSession+Utility.swift in Sources */,
				5F8249F7243C08D5006A64DB /* APIRouter.swift in Sources */,
				A7298F65243D55E600F4070A /* UITableView+Utility.swift in Sources */,
				5F8249EC243BFF77006A64DB /* ItunesViewModel.swift in Sources */,
				A79BE076243F903300BECFDC /* ItunesDetailCoordinator.swift in Sources */,
				A79BE074243F89F200BECFDC /* ItuneDetailView.swift in Sources */,
				A7298F5E243CE98E00F4070A /* ItunesListRouter.swift in Sources */,
				A7298F6E243E387F00F4070A /* UIViewController+Utility.swift in Sources */,
				A79BE072243F88D500BECFDC /* ItunesListDetailViewController.swift in Sources */,
				5F8249E8243BFF3D006A64DB /* AppCoordinator.swift in Sources */,
				5F8249B7243BFCF7006A64DB /* ItunesListViewController.swift in Sources */,
				5F8249F5243C085E006A64DB /* APIConfiguration.swift in Sources */,
				A7298F69243DF3DB00F4070A /* UIView+Utilities.swift in Sources */,
				A7298F61243CECB600F4070A /* ItunesSearchResponse.swift in Sources */,
				A7298F78243EA24B00F4070A /* ImageCache.swift in Sources */,
				5F8249B3243BFCF7006A64DB /* AppDelegate.swift in Sources */,
				5F8249EE243BFF9D006A64DB /* ItunesListView.swift in Sources */,
				5F8249EA243BFF65006A64DB /* ItunesListCoordinator.swift in Sources */,
				5F8249F9243C08FD006A64DB /* ItunesListEndPoint.swift in Sources */,
				A79BE070243F661800BECFDC /* SceneDelegate.swift in Sources */,
			);
			runOnlyForDeploymentPostprocessing = 0;
		};
		5F8249C1243BFCF9006A64DB /* Sources */ = {
			isa = PBXSourcesBuildPhase;
			buildActionMask = 2147483647;
			files = (
				A79BE07F2441347000BECFDC /* AppCoordinatorTests.swift in Sources */,
				5F8249CA243BFCF9006A64DB /* ItunesSearchTests.swift in Sources */,
				A79BE084244141ED00BECFDC /* JsonKit.swift in Sources */,
				A79BE08624417A2300BECFDC /* XCTestCase+UIHelpers.swift in Sources */,
				A79BE0812441376900BECFDC /* ItunesListCoordinatorTests.swift in Sources */,
			);
			runOnlyForDeploymentPostprocessing = 0;
		};
		5F8249CC243BFCF9006A64DB /* Sources */ = {
			isa = PBXSourcesBuildPhase;
			buildActionMask = 2147483647;
			files = (
				5F8249D5243BFCF9006A64DB /* ItunesSearchUITests.swift in Sources */,
			);
			runOnlyForDeploymentPostprocessing = 0;
		};
/* End PBXSourcesBuildPhase section */

/* Begin PBXTargetDependency section */
		5F8249C7243BFCF9006A64DB /* PBXTargetDependency */ = {
			isa = PBXTargetDependency;
			target = 5F8249AE243BFCF7006A64DB /* ItunesSearch */;
			targetProxy = 5F8249C6243BFCF9006A64DB /* PBXContainerItemProxy */;
		};
		5F8249D2243BFCF9006A64DB /* PBXTargetDependency */ = {
			isa = PBXTargetDependency;
			target = 5F8249AE243BFCF7006A64DB /* ItunesSearch */;
			targetProxy = 5F8249D1243BFCF9006A64DB /* PBXContainerItemProxy */;
		};
/* End PBXTargetDependency section */

/* Begin PBXVariantGroup section */
		5F8249BD243BFCF9006A64DB /* LaunchScreen.storyboard */ = {
			isa = PBXVariantGroup;
			children = (
				5F8249BE243BFCF9006A64DB /* Base */,
			);
			name = LaunchScreen.storyboard;
			sourceTree = "<group>";
		};
/* End PBXVariantGroup section */

/* Begin XCBuildConfiguration section */
		5F8249D7243BFCF9006A64DB /* Debug */ = {
			isa = XCBuildConfiguration;
			buildSettings = {
				ALWAYS_SEARCH_USER_PATHS = NO;
				CLANG_ANALYZER_NONNULL = YES;
				CLANG_ANALYZER_NUMBER_OBJECT_CONVERSION = YES_AGGRESSIVE;
				CLANG_CXX_LANGUAGE_STANDARD = "gnu++14";
				CLANG_CXX_LIBRARY = "libc++";
				CLANG_ENABLE_MODULES = YES;
				CLANG_ENABLE_OBJC_ARC = YES;
				CLANG_ENABLE_OBJC_WEAK = YES;
				CLANG_WARN_BLOCK_CAPTURE_AUTORELEASING = YES;
				CLANG_WARN_BOOL_CONVERSION = YES;
				CLANG_WARN_COMMA = YES;
				CLANG_WARN_CONSTANT_CONVERSION = YES;
				CLANG_WARN_DEPRECATED_OBJC_IMPLEMENTATIONS = YES;
				CLANG_WARN_DIRECT_OBJC_ISA_USAGE = YES_ERROR;
				CLANG_WARN_DOCUMENTATION_COMMENTS = YES;
				CLANG_WARN_EMPTY_BODY = YES;
				CLANG_WARN_ENUM_CONVERSION = YES;
				CLANG_WARN_INFINITE_RECURSION = YES;
				CLANG_WARN_INT_CONVERSION = YES;
				CLANG_WARN_NON_LITERAL_NULL_CONVERSION = YES;
				CLANG_WARN_OBJC_IMPLICIT_RETAIN_SELF = YES;
				CLANG_WARN_OBJC_LITERAL_CONVERSION = YES;
				CLANG_WARN_OBJC_ROOT_CLASS = YES_ERROR;
				CLANG_WARN_RANGE_LOOP_ANALYSIS = YES;
				CLANG_WARN_STRICT_PROTOTYPES = YES;
				CLANG_WARN_SUSPICIOUS_MOVE = YES;
				CLANG_WARN_UNGUARDED_AVAILABILITY = YES_AGGRESSIVE;
				CLANG_WARN_UNREACHABLE_CODE = YES;
				CLANG_WARN__DUPLICATE_METHOD_MATCH = YES;
				COPY_PHASE_STRIP = NO;
				DEBUG_INFORMATION_FORMAT = dwarf;
				ENABLE_STRICT_OBJC_MSGSEND = YES;
				ENABLE_TESTABILITY = YES;
				GCC_C_LANGUAGE_STANDARD = gnu11;
				GCC_DYNAMIC_NO_PIC = NO;
				GCC_NO_COMMON_BLOCKS = YES;
				GCC_OPTIMIZATION_LEVEL = 0;
				GCC_PREPROCESSOR_DEFINITIONS = (
					"DEBUG=1",
					"$(inherited)",
				);
				GCC_WARN_64_TO_32_BIT_CONVERSION = YES;
				GCC_WARN_ABOUT_RETURN_TYPE = YES_ERROR;
				GCC_WARN_UNDECLARED_SELECTOR = YES;
				GCC_WARN_UNINITIALIZED_AUTOS = YES_AGGRESSIVE;
				GCC_WARN_UNUSED_FUNCTION = YES;
				GCC_WARN_UNUSED_VARIABLE = YES;
				IPHONEOS_DEPLOYMENT_TARGET = 13.2;
				MTL_ENABLE_DEBUG_INFO = INCLUDE_SOURCE;
				MTL_FAST_MATH = YES;
				ONLY_ACTIVE_ARCH = YES;
				SDKROOT = iphoneos;
				SWIFT_ACTIVE_COMPILATION_CONDITIONS = DEBUG;
				SWIFT_OPTIMIZATION_LEVEL = "-Onone";
			};
			name = Debug;
		};
		5F8249D8243BFCF9006A64DB /* Release */ = {
			isa = XCBuildConfiguration;
			buildSettings = {
				ALWAYS_SEARCH_USER_PATHS = NO;
				CLANG_ANALYZER_NONNULL = YES;
				CLANG_ANALYZER_NUMBER_OBJECT_CONVERSION = YES_AGGRESSIVE;
				CLANG_CXX_LANGUAGE_STANDARD = "gnu++14";
				CLANG_CXX_LIBRARY = "libc++";
				CLANG_ENABLE_MODULES = YES;
				CLANG_ENABLE_OBJC_ARC = YES;
				CLANG_ENABLE_OBJC_WEAK = YES;
				CLANG_WARN_BLOCK_CAPTURE_AUTORELEASING = YES;
				CLANG_WARN_BOOL_CONVERSION = YES;
				CLANG_WARN_COMMA = YES;
				CLANG_WARN_CONSTANT_CONVERSION = YES;
				CLANG_WARN_DEPRECATED_OBJC_IMPLEMENTATIONS = YES;
				CLANG_WARN_DIRECT_OBJC_ISA_USAGE = YES_ERROR;
				CLANG_WARN_DOCUMENTATION_COMMENTS = YES;
				CLANG_WARN_EMPTY_BODY = YES;
				CLANG_WARN_ENUM_CONVERSION = YES;
				CLANG_WARN_INFINITE_RECURSION = YES;
				CLANG_WARN_INT_CONVERSION = YES;
				CLANG_WARN_NON_LITERAL_NULL_CONVERSION = YES;
				CLANG_WARN_OBJC_IMPLICIT_RETAIN_SELF = YES;
				CLANG_WARN_OBJC_LITERAL_CONVERSION = YES;
				CLANG_WARN_OBJC_ROOT_CLASS = YES_ERROR;
				CLANG_WARN_RANGE_LOOP_ANALYSIS = YES;
				CLANG_WARN_STRICT_PROTOTYPES = YES;
				CLANG_WARN_SUSPICIOUS_MOVE = YES;
				CLANG_WARN_UNGUARDED_AVAILABILITY = YES_AGGRESSIVE;
				CLANG_WARN_UNREACHABLE_CODE = YES;
				CLANG_WARN__DUPLICATE_METHOD_MATCH = YES;
				COPY_PHASE_STRIP = NO;
				DEBUG_INFORMATION_FORMAT = "dwarf-with-dsym";
				ENABLE_NS_ASSERTIONS = NO;
				ENABLE_STRICT_OBJC_MSGSEND = YES;
				GCC_C_LANGUAGE_STANDARD = gnu11;
				GCC_NO_COMMON_BLOCKS = YES;
				GCC_WARN_64_TO_32_BIT_CONVERSION = YES;
				GCC_WARN_ABOUT_RETURN_TYPE = YES_ERROR;
				GCC_WARN_UNDECLARED_SELECTOR = YES;
				GCC_WARN_UNINITIALIZED_AUTOS = YES_AGGRESSIVE;
				GCC_WARN_UNUSED_FUNCTION = YES;
				GCC_WARN_UNUSED_VARIABLE = YES;
				IPHONEOS_DEPLOYMENT_TARGET = 13.2;
				MTL_ENABLE_DEBUG_INFO = NO;
				MTL_FAST_MATH = YES;
				SDKROOT = iphoneos;
				SWIFT_COMPILATION_MODE = wholemodule;
				SWIFT_OPTIMIZATION_LEVEL = "-O";
				VALIDATE_PRODUCT = YES;
			};
			name = Release;
		};
		5F8249DA243BFCF9006A64DB /* Debug */ = {
			isa = XCBuildConfiguration;
			buildSettings = {
				ASSETCATALOG_COMPILER_APPICON_NAME = AppIcon;
				CODE_SIGN_STYLE = Automatic;
				DEVELOPMENT_TEAM = VH92C6Q727;
				INFOPLIST_FILE = ItunesSearch/Info.plist;
				LD_RUNPATH_SEARCH_PATHS = (
					"$(inherited)",
					"@executable_path/Frameworks",
				);
				PRODUCT_BUNDLE_IDENTIFIER = com.cocoa.ItunesSearch;
				PRODUCT_NAME = "$(TARGET_NAME)";
				SWIFT_VERSION = 5.0;
				TARGETED_DEVICE_FAMILY = 1;
			};
			name = Debug;
		};
		5F8249DB243BFCF9006A64DB /* Release */ = {
			isa = XCBuildConfiguration;
			buildSettings = {
				ASSETCATALOG_COMPILER_APPICON_NAME = AppIcon;
				CODE_SIGN_STYLE = Automatic;
				DEVELOPMENT_TEAM = VH92C6Q727;
				INFOPLIST_FILE = ItunesSearch/Info.plist;
				LD_RUNPATH_SEARCH_PATHS = (
					"$(inherited)",
					"@executable_path/Frameworks",
				);
				PRODUCT_BUNDLE_IDENTIFIER = com.cocoa.ItunesSearch;
				PRODUCT_NAME = "$(TARGET_NAME)";
				SWIFT_VERSION = 5.0;
				TARGETED_DEVICE_FAMILY = 1;
			};
			name = Release;
		};
		5F8249DD243BFCF9006A64DB /* Debug */ = {
			isa = XCBuildConfiguration;
			buildSettings = {
				ALWAYS_EMBED_SWIFT_STANDARD_LIBRARIES = YES;
				BUNDLE_LOADER = "$(TEST_HOST)";
				CODE_SIGN_STYLE = Automatic;
				DEVELOPMENT_TEAM = VH92C6Q727;
				INFOPLIST_FILE = ItunesSearchTests/Info.plist;
				IPHONEOS_DEPLOYMENT_TARGET = 13.2;
				LD_RUNPATH_SEARCH_PATHS = (
					"$(inherited)",
					"@executable_path/Frameworks",
					"@loader_path/Frameworks",
				);
				PRODUCT_BUNDLE_IDENTIFIER = com.cocoa.ItunesSearchTests;
				PRODUCT_NAME = "$(TARGET_NAME)";
				SWIFT_VERSION = 5.0;
				TARGETED_DEVICE_FAMILY = "1,2";
				TEST_HOST = "$(BUILT_PRODUCTS_DIR)/ItunesSearch.app/ItunesSearch";
			};
			name = Debug;
		};
		5F8249DE243BFCF9006A64DB /* Release */ = {
			isa = XCBuildConfiguration;
			buildSettings = {
				ALWAYS_EMBED_SWIFT_STANDARD_LIBRARIES = YES;
				BUNDLE_LOADER = "$(TEST_HOST)";
				CODE_SIGN_STYLE = Automatic;
				DEVELOPMENT_TEAM = VH92C6Q727;
				INFOPLIST_FILE = ItunesSearchTests/Info.plist;
				IPHONEOS_DEPLOYMENT_TARGET = 13.2;
				LD_RUNPATH_SEARCH_PATHS = (
					"$(inherited)",
					"@executable_path/Frameworks",
					"@loader_path/Frameworks",
				);
				PRODUCT_BUNDLE_IDENTIFIER = com.cocoa.ItunesSearchTests;
				PRODUCT_NAME = "$(TARGET_NAME)";
				SWIFT_VERSION = 5.0;
				TARGETED_DEVICE_FAMILY = "1,2";
				TEST_HOST = "$(BUILT_PRODUCTS_DIR)/ItunesSearch.app/ItunesSearch";
			};
			name = Release;
		};
		5F8249E0243BFCF9006A64DB /* Debug */ = {
			isa = XCBuildConfiguration;
			buildSettings = {
				ALWAYS_EMBED_SWIFT_STANDARD_LIBRARIES = YES;
				CODE_SIGN_STYLE = Automatic;
				DEVELOPMENT_TEAM = VH92C6Q727;
				INFOPLIST_FILE = ItunesSearchUITests/Info.plist;
				LD_RUNPATH_SEARCH_PATHS = (
					"$(inherited)",
					"@executable_path/Frameworks",
					"@loader_path/Frameworks",
				);
				PRODUCT_BUNDLE_IDENTIFIER = com.cocoa.ItunesSearchUITests;
				PRODUCT_NAME = "$(TARGET_NAME)";
				SWIFT_VERSION = 5.0;
				TARGETED_DEVICE_FAMILY = "1,2";
				TEST_TARGET_NAME = ItunesSearch;
			};
			name = Debug;
		};
		5F8249E1243BFCF9006A64DB /* Release */ = {
			isa = XCBuildConfiguration;
			buildSettings = {
				ALWAYS_EMBED_SWIFT_STANDARD_LIBRARIES = YES;
				CODE_SIGN_STYLE = Automatic;
				DEVELOPMENT_TEAM = VH92C6Q727;
				INFOPLIST_FILE = ItunesSearchUITests/Info.plist;
				LD_RUNPATH_SEARCH_PATHS = (
					"$(inherited)",
					"@executable_path/Frameworks",
					"@loader_path/Frameworks",
				);
				PRODUCT_BUNDLE_IDENTIFIER = com.cocoa.ItunesSearchUITests;
				PRODUCT_NAME = "$(TARGET_NAME)";
				SWIFT_VERSION = 5.0;
				TARGETED_DEVICE_FAMILY = "1,2";
				TEST_TARGET_NAME = ItunesSearch;
			};
			name = Release;
		};
/* End XCBuildConfiguration section */

/* Begin XCConfigurationList section */
		5F8249AA243BFCF7006A64DB /* Build configuration list for PBXProject "ItunesSearch" */ = {
			isa = XCConfigurationList;
			buildConfigurations = (
				5F8249D7243BFCF9006A64DB /* Debug */,
				5F8249D8243BFCF9006A64DB /* Release */,
			);
			defaultConfigurationIsVisible = 0;
			defaultConfigurationName = Release;
		};
		5F8249D9243BFCF9006A64DB /* Build configuration list for PBXNativeTarget "ItunesSearch" */ = {
			isa = XCConfigurationList;
			buildConfigurations = (
				5F8249DA243BFCF9006A64DB /* Debug */,
				5F8249DB243BFCF9006A64DB /* Release */,
			);
			defaultConfigurationIsVisible = 0;
			defaultConfigurationName = Release;
		};
		5F8249DC243BFCF9006A64DB /* Build configuration list for PBXNativeTarget "ItunesSearchTests" */ = {
			isa = XCConfigurationList;
			buildConfigurations = (
				5F8249DD243BFCF9006A64DB /* Debug */,
				5F8249DE243BFCF9006A64DB /* Release */,
			);
			defaultConfigurationIsVisible = 0;
			defaultConfigurationName = Release;
		};
		5F8249DF243BFCF9006A64DB /* Build configuration list for PBXNativeTarget "ItunesSearchUITests" */ = {
			isa = XCConfigurationList;
			buildConfigurations = (
				5F8249E0243BFCF9006A64DB /* Debug */,
				5F8249E1243BFCF9006A64DB /* Release */,
			);
			defaultConfigurationIsVisible = 0;
			defaultConfigurationName = Release;
		};
/* End XCConfigurationList section */
	};
	rootObject = 5F8249A7243BFCF7006A64DB /* Project object */;
}
